
Microsoft Visual Studio Solution File, Format Version 12.00
# Visual Studio Version 17
VisualStudioVersion = 17.10.35013.160
MinimumVisualStudioVersion = 10.0.40219.1
Project("{9A19103F-16F7-4668-BE54-9A1E7A4F7556}") = "Da-6", "Da-6\Da-6.csproj", "{C98EADB7-84C3-444B-9AA3-892A7352DD18}"
EndProject
Global
	GlobalSection(SolutionConfigurationPlatforms) = preSolution
		Debug|Any CPU = Debug|Any CPU
		Release|Any CPU = Release|Any CPU
	EndGlobalSection
	GlobalSection(ProjectConfigurationPlatforms) = postSolution
		{C98EADB7-84C3-444B-9AA3-892A7352DD18}.Debug|Any CPU.ActiveCfg = Debug|Any CPU
		{C98EADB7-84C3-444B-9AA3-892A7352DD18}.Debug|Any CPU.Build.0 = Debug|Any CPU
		{C98EADB7-84C3-444B-9AA3-892A7352DD18}.Release|Any CPU.ActiveCfg = Release|Any CPU
		{C98EADB7-84C3-444B-9AA3-892A7352DD18}.Release|Any CPU.Build.0 = Release|Any CPU
	EndGlobalSection
	GlobalSection(SolutionProperties) = preSolution
		HideSolutionNode = FALSE
	EndGlobalSection
	GlobalSection(ExtensibilityGlobals) = postSolution
		SolutionGuid = {41B85CCB-78F3-47D8-AB8F-FBB6F63CD5BF}
	EndGlobalSection
EndGlobal
